// !$*UTF8*$!
{
	archiveVersion = 1;
	classes = {
	};
	objectVersion = 77;
	objects = {

/* Begin PBXContainerItemProxy section */
		39C4DC0B2F3DA80F00287629 /* PBXContainerItemProxy */ = {
			isa = PBXContainerItemProxy;
			containerPortal = 39C4DBE92F3DA80E00287629 /* Project object */;
			proxyType = 1;
			remoteGlobalIDString = 39C4DBF02F3DA80E00287629;
			remoteInfo = UDIE;
		};
		39C4DC602F3DB9E200287629 /* PBXContainerItemProxy */ = {
			isa = PBXContainerItemProxy;
			containerPortal = 39C4DBE92F3DA80E00287629 /* Project object */;
			proxyType = 1;
			remoteGlobalIDString = 39C4DBF02F3DA80E00287629;
			remoteInfo = UDIE;
		};
/* End PBXContainerItemProxy section */

/* Begin PBXFileReference section */
		39C4DBF12F3DA80E00287629 /* UDIE.app */ = {isa = PBXFileReference; explicitFileType = wrapper.application; includeInIndex = 0; path = UDIE.app; sourceTree = BUILT_PRODUCTS_DIR; };
		39C4DC002F3DA80F00287629 /* UDIETests.xctest */ = {isa = PBXFileReference; explicitFileType = wrapper.cfbundle; includeInIndex = 0; path = UDIETests.xctest; sourceTree = BUILT_PRODUCTS_DIR; };
		39C4DC0A2F3DA80F00287629 /* UDIEUITests.xctest */ = {isa = PBXFileReference; explicitFileType = wrapper.cfbundle; includeInIndex = 0; path = UDIEUITests.xctest; sourceTree = BUILT_PRODUCTS_DIR; };
/* End PBXFileReference section */

/* Begin PBXFileSystemSynchronizedBuildFileExceptionSet section */
		39C4DC422F3DB16D00287629 /* Exceptions for "UDIE" folder in "UDIE" target */ = {
			isa = PBXFileSystemSynchronizedBuildFileExceptionSet;
			membershipExceptions = (
				App/UDIEApp.swift,
				"Core/Extensions/Array+GeoFiltering.swift",
				"Core/Extensions/CLLocationCoordinate2D+Distance.swift",
				"Core/Extensions/Color+EventType.swift",
				"Core/Extensions/Date+Formatting.swift",
				"Core/Extensions/Double+RiskFormatting.swift",
				"Core/Extensions/MKCoordinateRegion+BoundingBox.swift",
				"Core/Extensions/MKPolyline+Coordinates.swift",
				"Core/Extensions/String+URLEncoding.swift",
				"Core/Extensions/View+BottomSheet.swift",
				Core/Models/AppState.swift,
				Core/Models/EventFilter.swift,
				Core/Models/GeoEvent.swift,
				Core/Models/RouteRisk.swift,
				Core/Networking/APIClient.swift,
				Core/Services/LocationManager.swift,
				Features/Filters/FilterView.swift,
				Features/Map/EventDetailView.swift,
				Features/Map/MapView.swift,
				Features/Map/MapViewModel.swift,
				Services/EventRepository.swift,
			);
			target = 39C4DBF02F3DA80E00287629 /* UDIE */;
		};
/* End PBXFileSystemSynchronizedBuildFileExceptionSet section */

/* Begin PBXFileSystemSynchronizedRootGroup section */
		39C4DBF32F3DA80E00287629 /* UDIE */ = {
			isa = PBXFileSystemSynchronizedRootGroup;
			exceptions = (
				39C4DC422F3DB16D00287629 /* Exceptions for "UDIE" folder in "UDIE" target */,
			);
			path = UDIE;
			sourceTree = "<group>";
		};
		39C4DC032F3DA80F00287629 /* UDIETests */ = {
			isa = PBXFileSystemSynchronizedRootGroup;
			path = UDIETests;
			sourceTree = "<group>";
		};
		39C4DC0D2F3DA80F00287629 /* UDIEUITests */ = {
			isa = PBXFileSystemSynchronizedRootGroup;
			path = UDIEUITests;
			sourceTree = "<group>";
		};
/* End PBXFileSystemSynchronizedRootGroup section */

/* Begin PBXFrameworksBuildPhase section */
		39C4DBEE2F3DA80E00287629 /* Frameworks */ = {
			isa = PBXFrameworksBuildPhase;
			buildActionMask = 2147483647;
			files = (
			);
			runOnlyForDeploymentPostprocessing = 0;
		};
		39C4DBFD2F3DA80F00287629 /* Frameworks */ = {
			isa = PBXFrameworksBuildPhase;
			buildActionMask = 2147483647;
			files = (
			);
			runOnlyForDeploymentPostprocessing = 0;
		};
		39C4DC072F3DA80F00287629 /* Frameworks */ = {
			isa = PBXFrameworksBuildPhase;
			buildActionMask = 2147483647;
			files = (
			);
			runOnlyForDeploymentPostprocessing = 0;
		};
/* End PBXFrameworksBuildPhase section */

/* Begin PBXGroup section */
		39C4DBE82F3DA80E00287629 = {
			isa = PBXGroup;
			children = (
				39C4DBF32F3DA80E00287629 /* UDIE */,
				39C4DC032F3DA80F00287629 /* UDIETests */,
				39C4DC0D2F3DA80F00287629 /* UDIEUITests */,
				39C4DBF22F3DA80E00287629 /* Products */,
			);
			sourceTree = "<group>";
		};
		39C4DBF22F3DA80E00287629 /* Products */ = {
			isa = PBXGroup;
			children = (
				39C4DBF12F3DA80E00287629 /* UDIE.app */,
				39C4DC002F3DA80F00287629 /* UDIETests.xctest */,
				39C4DC0A2F3DA80F00287629 /* UDIEUITests.xctest */,
			);
			name = Products;
			sourceTree = "<group>";
		};
/* End PBXGroup section */

/* Begin PBXNativeTarget section */
		39C4DBF02F3DA80E00287629 /* UDIE */ = {
			isa = PBXNativeTarget;
			buildConfigurationList = 39C4DC142F3DA80F00287629 /* Build configuration list for PBXNativeTarget "UDIE" */;
			buildPhases = (
				39C4DBED2F3DA80E00287629 /* Sources */,
				39C4DBEE2F3DA80E00287629 /* Frameworks */,
				39C4DBEF2F3DA80E00287629 /* Resources */,
			);
			buildRules = (
			);
			dependencies = (
			);
			fileSystemSynchronizedGroups = (
				39C4DBF32F3DA80E00287629 /* UDIE */,
			);
			name = UDIE;
			packageProductDependencies = (
			);
			productName = UDIE;
			productReference = 39C4DBF12F3DA80E00287629 /* UDIE.app */;
			productType = "com.apple.product-type.application";
		};
		39C4DBFF2F3DA80F00287629 /* UDIETests */ = {
			isa = PBXNativeTarget;
			buildConfigurationList = 39C4DC172F3DA80F00287629 /* Build configuration list for PBXNativeTarget "UDIETests" */;
			buildPhases = (
				39C4DBFC2F3DA80F00287629 /* Sources */,
				39C4DBFD2F3DA80F00287629 /* Frameworks */,
				39C4DBFE2F3DA80F00287629 /* Resources */,
			);
			buildRules = (
			);
			dependencies = (
				39C4DC612F3DB9E200287629 /* PBXTargetDependency */,
			);
			fileSystemSynchronizedGroups = (
				39C4DC032F3DA80F00287629 /* UDIETests */,
			);
			name = UDIETests;
			packageProductDependencies = (
			);
			productName = UDIETests;
			productReference = 39C4DC002F3DA80F00287629 /* UDIETests.xctest */;
			productType = "com.apple.product-type.bundle.unit-test";
		};
		39C4DC092F3DA80F00287629 /* UDIEUITests */ = {
			isa = PBXNativeTarget;
			buildConfigurationList = 39C4DC1A2F3DA80F00287629 /* Build configuration list for PBXNativeTarget "UDIEUITests" */;
			buildPhases = (
				39C4DC062F3DA80F00287629 /* Sources */,
				39C4DC072F3DA80F00287629 /* Frameworks */,
				39C4DC082F3DA80F00287629 /* Resources */,
			);
			buildRules = (
			);
			dependencies = (
				39C4DC0C2F3DA80F00287629 /* PBXTargetDependency */,
			);
			fileSystemSynchronizedGroups = (
				39C4DC0D2F3DA80F00287629 /* UDIEUITests */,
			);
			name = UDIEUITests;
			packageProductDependencies = (
			);
			productName = UDIEUITests;
			productReference = 39C4DC0A2F3DA80F00287629 /* UDIEUITests.xctest */;
			productType = "com.apple.product-type.bundle.ui-testing";
		};
/* End PBXNativeTarget section */

/* Begin PBXProject section */
		39C4DBE92F3DA80E00287629 /* Project object */ = {
			isa = PBXProject;
			attributes = {
				BuildIndependentTargetsInParallel = 1;
				LastSwiftUpdateCheck = 2620;
				LastUpgradeCheck = 2620;
				TargetAttributes = {
					39C4DBF02F3DA80E00287629 = {
						CreatedOnToolsVersion = 26.2;
						LastSwiftMigration = 2620;
					};
					39C4DBFF2F3DA80F00287629 = {
						CreatedOnToolsVersion = 26.2;
						TestTargetID = 39C4DBF02F3DA80E00287629;
					};
					39C4DC092F3DA80F00287629 = {
						CreatedOnToolsVersion = 26.2;
						TestTargetID = 39C4DBF02F3DA80E00287629;
					};
				};
			};
			buildConfigurationList = 39C4DBEC2F3DA80E00287629 /* Build configuration list for PBXProject "UDIE" */;
			developmentRegion = en;
			hasScannedForEncodings = 0;
			knownRegions = (
				en,
				Base,
			);
			mainGroup = 39C4DBE82F3DA80E00287629;
			minimizedProjectReferenceProxies = 1;
			preferredProjectObjectVersion = 77;
			productRefGroup = 39C4DBF22F3DA80E00287629 /* Products */;
			projectDirPath = "";
			projectRoot = "";
			targets = (
				39C4DBF02F3DA80E00287629 /* UDIE */,
				39C4DBFF2F3DA80F00287629 /* UDIETests */,
				39C4DC092F3DA80F00287629 /* UDIEUITests */,
			);
		};
/* End PBXProject section */

/* Begin PBXResourcesBuildPhase section */
		39C4DBEF2F3DA80E00287629 /* Resources */ = {
			isa = PBXResourcesBuildPhase;
			buildActionMask = 2147483647;
			files = (
			);
			runOnlyForDeploymentPostprocessing = 0;
		};
		39C4DBFE2F3DA80F00287629 /* Resources */ = {
			isa = PBXResourcesBuildPhase;
			buildActionMask = 2147483647;
			files = (
			);
			runOnlyForDeploymentPostprocessing = 0;
		};
		39C4DC082F3DA80F00287629 /* Resources */ = {
			isa = PBXResourcesBuildPhase;
			buildActionMask = 2147483647;
			files = (
			);
			runOnlyForDeploymentPostprocessing = 0;
		};
/* End PBXResourcesBuildPhase section */

/* Begin PBXSourcesBuildPhase section */
		39C4DBED2F3DA80E00287629 /* Sources */ = {
			isa = PBXSourcesBuildPhase;
			buildActionMask = 2147483647;
			files = (
			);
			runOnlyForDeploymentPostprocessing = 0;
		};
		39C4DBFC2F3DA80F00287629 /* Sources */ = {
			isa = PBXSourcesBuildPhase;
			buildActionMask = 2147483647;
			files = (
			);
			runOnlyForDeploymentPostprocessing = 0;
		};
		39C4DC062F3DA80F00287629 /* Sources */ = {
			isa = PBXSourcesBuildPhase;
			buildActionMask = 2147483647;
			files = (
			);
			runOnlyForDeploymentPostprocessing = 0;
		};
/* End PBXSourcesBuildPhase section */

/* Begin PBXTargetDependency section */
		39C4DC0C2F3DA80F00287629 /* PBXTargetDependency */ = {
			isa = PBXTargetDependency;
			target = 39C4DBF02F3DA80E00287629 /* UDIE */;
			targetProxy = 39C4DC0B2F3DA80F00287629 /* PBXContainerItemProxy */;
		};
		39C4DC612F3DB9E200287629 /* PBXTargetDependency */ = {
			isa = PBXTargetDependency;
			target = 39C4DBF02F3DA80E00287629 /* UDIE */;
			targetProxy = 39C4DC602F3DB9E200287629 /* PBXContainerItemProxy */;
		};
/* End PBXTargetDependency section */

/* Begin XCBuildConfiguration section */
		39C4DC122F3DA80F00287629 /* Debug */ = {
			isa = XCBuildConfiguration;
			buildSettings = {
				ALWAYS_SEARCH_USER_PATHS = NO;
				ASSETCATALOG_COMPILER_GENERATE_SWIFT_ASSET_SYMBOL_EXTENSIONS = YES;
				CLANG_ANALYZER_NONNULL = YES;
				CLANG_ANALYZER_NUMBER_OBJECT_CONVERSION = YES_AGGRESSIVE;
				CLANG_CXX_LANGUAGE_STANDARD = "gnu++20";
				CLANG_ENABLE_MODULES = YES;
				CLANG_ENABLE_OBJC_ARC = YES;
				CLANG_ENABLE_OBJC_WEAK = YES;
				CLANG_WARN_BLOCK_CAPTURE_AUTORELEASING = YES;
				CLANG_WARN_BOOL_CONVERSION = YES;
				CLANG_WARN_COMMA = YES;
				CLANG_WARN_CONSTANT_CONVERSION = YES;
				CLANG_WARN_DEPRECATED_OBJC_IMPLEMENTATIONS = YES;
				CLANG_WARN_DIRECT_OBJC_ISA_USAGE = YES_ERROR;
				CLANG_WARN_DOCUMENTATION_COMMENTS = YES;
				CLANG_WARN_EMPTY_BODY = YES;
				CLANG_WARN_ENUM_CONVERSION = YES;
				CLANG_WARN_INFINITE_RECURSION = YES;
				CLANG_WARN_INT_CONVERSION = YES;
				CLANG_WARN_NON_LITERAL_NULL_CONVERSION = YES;
				CLANG_WARN_OBJC_IMPLICIT_RETAIN_SELF = YES;
				CLANG_WARN_OBJC_LITERAL_CONVERSION = YES;
				CLANG_WARN_OBJC_ROOT_CLASS = YES_ERROR;
				CLANG_WARN_QUOTED_INCLUDE_IN_FRAMEWORK_HEADER = YES;
				CLANG_WARN_RANGE_LOOP_ANALYSIS = YES;
				CLANG_WARN_STRICT_PROTOTYPES = YES;
				CLANG_WARN_SUSPICIOUS_MOVE = YES;
				CLANG_WARN_UNGUARDED_AVAILABILITY = YES_AGGRESSIVE;
				CLANG_WARN_UNREACHABLE_CODE = YES;
				CLANG_WARN__DUPLICATE_METHOD_MATCH = YES;
				COPY_PHASE_STRIP = NO;
				DEBUG_INFORMATION_FORMAT = dwarf;
				DEVELOPMENT_TEAM = 9HRB674593;
				ENABLE_STRICT_OBJC_MSGSEND = YES;
				ENABLE_TESTABILITY = YES;
				ENABLE_USER_SCRIPT_SANDBOXING = YES;
				GCC_C_LANGUAGE_STANDARD = gnu17;
				GCC_DYNAMIC_NO_PIC = NO;
				GCC_NO_COMMON_BLOCKS = YES;
				GCC_OPTIMIZATION_LEVEL = 0;
				GCC_PREPROCESSOR_DEFINITIONS = (
					"DEBUG=1",
					"$(inherited)",
				);
				GCC_WARN_64_TO_32_BIT_CONVERSION = YES;
				GCC_WARN_ABOUT_RETURN_TYPE = YES_ERROR;
				GCC_WARN_UNDECLARED_SELECTOR = YES;
				GCC_WARN_UNINITIALIZED_AUTOS = YES_AGGRESSIVE;
				GCC_WARN_UNUSED_FUNCTION = YES;
				GCC_WARN_UNUSED_VARIABLE = YES;
				IPHONEOS_DEPLOYMENT_TARGET = 26.2;
				LOCALIZATION_PREFERS_STRING_CATALOGS = YES;
				MTL_ENABLE_DEBUG_INFO = INCLUDE_SOURCE;
				MTL_FAST_MATH = YES;
				ONLY_ACTIVE_ARCH = YES;
				SDKROOT = iphoneos;
				SWIFT_ACTIVE_COMPILATION_CONDITIONS = "DEBUG $(inherited)";
				SWIFT_OPTIMIZATION_LEVEL = "-Onone";
			};
			name = Debug;
		};
		39C4DC132F3DA80F00287629 /* Release */ = {
			isa = XCBuildConfiguration;
			buildSettings = {
				ALWAYS_SEARCH_USER_PATHS = NO;
				ASSETCATALOG_COMPILER_GENERATE_SWIFT_ASSET_SYMBOL_EXTENSIONS = YES;
				CLANG_ANALYZER_NONNULL = YES;
				CLANG_ANALYZER_NUMBER_OBJECT_CONVERSION = YES_AGGRESSIVE;
				CLANG_CXX_LANGUAGE_STANDARD = "gnu++20";
				CLANG_ENABLE_MODULES = YES;
				CLANG_ENABLE_OBJC_ARC = YES;
				CLANG_ENABLE_OBJC_WEAK = YES;
				CLANG_WARN_BLOCK_CAPTURE_AUTORELEASING = YES;
				CLANG_WARN_BOOL_CONVERSION = YES;
				CLANG_WARN_COMMA = YES;
				CLANG_WARN_CONSTANT_CONVERSION = YES;
				CLANG_WARN_DEPRECATED_OBJC_IMPLEMENTATIONS = YES;
				CLANG_WARN_DIRECT_OBJC_ISA_USAGE = YES_ERROR;
				CLANG_WARN_DOCUMENTATION_COMMENTS = YES;
				CLANG_WARN_EMPTY_BODY = YES;
				CLANG_WARN_ENUM_CONVERSION = YES;
				CLANG_WARN_INFINITE_RECURSION = YES;
				CLANG_WARN_INT_CONVERSION = YES;
				CLANG_WARN_NON_LITERAL_NULL_CONVERSION = YES;
				CLANG_WARN_OBJC_IMPLICIT_RETAIN_SELF = YES;
				CLANG_WARN_OBJC_LITERAL_CONVERSION = YES;
				CLANG_WARN_OBJC_ROOT_CLASS = YES_ERROR;
				CLANG_WARN_QUOTED_INCLUDE_IN_FRAMEWORK_HEADER = YES;
				CLANG_WARN_RANGE_LOOP_ANALYSIS = YES;
				CLANG_WARN_STRICT_PROTOTYPES = YES;
				CLANG_WARN_SUSPICIOUS_MOVE = YES;
				CLANG_WARN_UNGUARDED_AVAILABILITY = YES_AGGRESSIVE;
				CLANG_WARN_UNREACHABLE_CODE = YES;
				CLANG_WARN__DUPLICATE_METHOD_MATCH = YES;
				COPY_PHASE_STRIP = NO;
				DEBUG_INFORMATION_FORMAT = "dwarf-with-dsym";
				DEVELOPMENT_TEAM = 9HRB674593;
				ENABLE_NS_ASSERTIONS = NO;
				ENABLE_STRICT_OBJC_MSGSEND = YES;
				ENABLE_USER_SCRIPT_SANDBOXING = YES;
				GCC_C_LANGUAGE_STANDARD = gnu17;
				GCC_NO_COMMON_BLOCKS = YES;
				GCC_WARN_64_TO_32_BIT_CONVERSION = YES;
				GCC_WARN_ABOUT_RETURN_TYPE = YES_ERROR;
				GCC_WARN_UNDECLARED_SELECTOR = YES;
				GCC_WARN_UNINITIALIZED_AUTOS = YES_AGGRESSIVE;
				GCC_WARN_UNUSED_FUNCTION = YES;
				GCC_WARN_UNUSED_VARIABLE = YES;
				IPHONEOS_DEPLOYMENT_TARGET = 26.2;
				LOCALIZATION_PREFERS_STRING_CATALOGS = YES;
				MTL_ENABLE_DEBUG_INFO = NO;
				MTL_FAST_MATH = YES;
				SDKROOT = iphoneos;
				SWIFT_COMPILATION_MODE = wholemodule;
				VALIDATE_PRODUCT = YES;
			};
			name = Release;
		};
		39C4DC152F3DA80F00287629 /* Debug */ = {
			isa = XCBuildConfiguration;
			buildSettings = {
				ASSETCATALOG_COMPILER_APPICON_NAME = AppIcon;
				ASSETCATALOG_COMPILER_GLOBAL_ACCENT_COLOR_NAME = AccentColor;
				CLANG_ENABLE_MODULES = YES;
				CODE_SIGN_STYLE = Automatic;
				CURRENT_PROJECT_VERSION = 1;
				DEVELOPMENT_TEAM = 9HRB674593;
				ENABLE_PREVIEWS = YES;
				GENERATE_INFOPLIST_FILE = YES;
				INFOPLIST_KEY_UIApplicationSceneManifest_Generation = YES;
				INFOPLIST_KEY_UIApplicationSupportsIndirectInputEvents = YES;
				INFOPLIST_KEY_UILaunchScreen_Generation = YES;
				INFOPLIST_KEY_UISupportedInterfaceOrientations_iPad = "UIInterfaceOrientationPortrait UIInterfaceOrientationPortraitUpsideDown UIInterfaceOrientationLandscapeLeft UIInterfaceOrientationLandscapeRight";
				INFOPLIST_KEY_UISupportedInterfaceOrientations_iPhone = "UIInterfaceOrientationPortrait UIInterfaceOrientationLandscapeLeft UIInterfaceOrientationLandscapeRight";
				LD_RUNPATH_SEARCH_PATHS = (
					"$(inherited)",
					"@executable_path/Frameworks",
				);
				MARKETING_VERSION = 1.0;
				PRODUCT_BUNDLE_IDENTIFIER = com.ujjwal.dev.UDIE;
				PRODUCT_NAME = "$(TARGET_NAME)";
				STRING_CATALOG_GENERATE_SYMBOLS = YES;
				SWIFT_APPROACHABLE_CONCURRENCY = YES;
				SWIFT_DEFAULT_ACTOR_ISOLATION = MainActor;
				SWIFT_EMIT_LOC_STRINGS = YES;
				SWIFT_OPTIMIZATION_LEVEL = "-Onone";
				SWIFT_UPCOMING_FEATURE_MEMBER_IMPORT_VISIBILITY = YES;
				SWIFT_VERSION = 5.0;
				TARGETED_DEVICE_FAMILY = "1,2";
			};
			name = Debug;
		};
		39C4DC162F3DA80F00287629 /* Release */ = {
			isa = XCBuildConfiguration;
			buildSettings = {
				ASSETCATALOG_COMPILER_APPICON_NAME = AppIcon;
				ASSETCATALOG_COMPILER_GLOBAL_ACCENT_COLOR_NAME = AccentColor;
				CLANG_ENABLE_MODULES = YES;
				CODE_SIGN_STYLE = Automatic;
				CURRENT_PROJECT_VERSION = 1;
				DEVELOPMENT_TEAM = 9HRB674593;
				ENABLE_PREVIEWS = YES;
				GENERATE_INFOPLIST_FILE = YES;
				INFOPLIST_KEY_UIApplicationSceneManifest_Generation = YES;
				INFOPLIST_KEY_UIApplicationSupportsIndirectInputEvents = YES;
				INFOPLIST_KEY_UILaunchScreen_Generation = YES;
				INFOPLIST_KEY_UISupportedInterfaceOrientations_iPad = "UIInterfaceOrientationPortrait UIInterfaceOrientationPortraitUpsideDown UIInterfaceOrientationLandscapeLeft UIInterfaceOrientationLandscapeRight";
				INFOPLIST_KEY_UISupportedInterfaceOrientations_iPhone = "UIInterfaceOrientationPortrait UIInterfaceOrientationLandscapeLeft UIInterfaceOrientationLandscapeRight";
				LD_RUNPATH_SEARCH_PATHS = (
					"$(inherited)",
					"@executable_path/Frameworks",
				);
				MARKETING_VERSION = 1.0;
				PRODUCT_BUNDLE_IDENTIFIER = com.ujjwal.dev.UDIE;
				PRODUCT_NAME = "$(TARGET_NAME)";
				STRING_CATALOG_GENERATE_SYMBOLS = YES;
				SWIFT_APPROACHABLE_CONCURRENCY = YES;
				SWIFT_DEFAULT_ACTOR_ISOLATION = MainActor;
				SWIFT_EMIT_LOC_STRINGS = YES;
				SWIFT_UPCOMING_FEATURE_MEMBER_IMPORT_VISIBILITY = YES;
				SWIFT_VERSION = 5.0;
				TARGETED_DEVICE_FAMILY = "1,2";
			};
			name = Release;
		};
		39C4DC182F3DA80F00287629 /* Debug */ = {
			isa = XCBuildConfiguration;
			buildSettings = {
				BUNDLE_LOADER = "$(TEST_HOST)";
				CODE_SIGN_STYLE = Automatic;
				CURRENT_PROJECT_VERSION = 1;
				DEVELOPMENT_TEAM = 9HRB674593;
				GENERATE_INFOPLIST_FILE = YES;
				IPHONEOS_DEPLOYMENT_TARGET = 26.2;
				MARKETING_VERSION = 1.0;
				PRODUCT_BUNDLE_IDENTIFIER = com.ujjwal.dev.UDIETests;
				PRODUCT_NAME = "$(TARGET_NAME)";
				STRING_CATALOG_GENERATE_SYMBOLS = NO;
				SWIFT_APPROACHABLE_CONCURRENCY = YES;
				SWIFT_EMIT_LOC_STRINGS = NO;
				SWIFT_UPCOMING_FEATURE_MEMBER_IMPORT_VISIBILITY = YES;
				SWIFT_VERSION = 5.0;
				TARGETED_DEVICE_FAMILY = "1,2";
				TEST_HOST = "$(BUILT_PRODUCTS_DIR)/UDIE.app/$(BUNDLE_EXECUTABLE_FOLDER_PATH)/UDIE";
			};
			name = Debug;
		};
		39C4DC192F3DA80F00287629 /* Release */ = {
			isa = XCBuildConfiguration;
			buildSettings = {
				BUNDLE_LOADER = "$(TEST_HOST)";
				CODE_SIGN_STYLE = Automatic;
				CURRENT_PROJECT_VERSION = 1;
				DEVELOPMENT_TEAM = 9HRB674593;
				GENERATE_INFOPLIST_FILE = YES;
				IPHONEOS_DEPLOYMENT_TARGET = 26.2;
				MARKETING_VERSION = 1.0;
				PRODUCT_BUNDLE_IDENTIFIER = com.ujjwal.dev.UDIETests;
				PRODUCT_NAME = "$(TARGET_NAME)";
				STRING_CATALOG_GENERATE_SYMBOLS = NO;
				SWIFT_APPROACHABLE_CONCURRENCY = YES;
				SWIFT_EMIT_LOC_STRINGS = NO;
				SWIFT_UPCOMING_FEATURE_MEMBER_IMPORT_VISIBILITY = YES;
				SWIFT_VERSION = 5.0;
				TARGETED_DEVICE_FAMILY = "1,2";
				TEST_HOST = "$(BUILT_PRODUCTS_DIR)/UDIE.app/$(BUNDLE_EXECUTABLE_FOLDER_PATH)/UDIE";
			};
			name = Release;
		};
		39C4DC1B2F3DA80F00287629 /* Debug */ = {
			isa = XCBuildConfiguration;
			buildSettings = {
				CODE_SIGN_STYLE = Automatic;
				CURRENT_PROJECT_VERSION = 1;
				DEVELOPMENT_TEAM = 9HRB674593;
				GENERATE_INFOPLIST_FILE = YES;
				MARKETING_VERSION = 1.0;
				PRODUCT_BUNDLE_IDENTIFIER = com.ujjwal.dev.UDIEUITests;
				PRODUCT_NAME = "$(TARGET_NAME)";
				STRING_CATALOG_GENERATE_SYMBOLS = NO;
				SWIFT_APPROACHABLE_CONCURRENCY = YES;
				SWIFT_EMIT_LOC_STRINGS = NO;
				SWIFT_UPCOMING_FEATURE_MEMBER_IMPORT_VISIBILITY = YES;
				SWIFT_VERSION = 5.0;
				TARGETED_DEVICE_FAMILY = "1,2";
				TEST_TARGET_NAME = UDIE;
			};
			name = Debug;
		};
		39C4DC1C2F3DA80F00287629 /* Release */ = {
			isa = XCBuildConfiguration;
			buildSettings = {
				CODE_SIGN_STYLE = Automatic;
				CURRENT_PROJECT_VERSION = 1;
				DEVELOPMENT_TEAM = 9HRB674593;
				GENERATE_INFOPLIST_FILE = YES;
				MARKETING_VERSION = 1.0;
				PRODUCT_BUNDLE_IDENTIFIER = com.ujjwal.dev.UDIEUITests;
				PRODUCT_NAME = "$(TARGET_NAME)";
				STRING_CATALOG_GENERATE_SYMBOLS = NO;
				SWIFT_APPROACHABLE_CONCURRENCY = YES;
				SWIFT_EMIT_LOC_STRINGS = NO;
				SWIFT_UPCOMING_FEATURE_MEMBER_IMPORT_VISIBILITY = YES;
				SWIFT_VERSION = 5.0;
				TARGETED_DEVICE_FAMILY = "1,2";
				TEST_TARGET_NAME = UDIE;
			};
			name = Release;
		};
/* End XCBuildConfiguration section */

/* Begin XCConfigurationList section */
		39C4DBEC2F3DA80E00287629 /* Build configuration list for PBXProject "UDIE" */ = {
			isa = XCConfigurationList;
			buildConfigurations = (
				39C4DC122F3DA80F00287629 /* Debug */,
				39C4DC132F3DA80F00287629 /* Release */,
			);
			defaultConfigurationIsVisible = 0;
			defaultConfigurationName = Release;
		};
		39C4DC142F3DA80F00287629 /* Build configuration list for PBXNativeTarget "UDIE" */ = {
			isa = XCConfigurationList;
			buildConfigurations = (
				39C4DC152F3DA80F00287629 /* Debug */,
				39C4DC162F3DA80F00287629 /* Release */,
			);
			defaultConfigurationIsVisible = 0;
			defaultConfigurationName = Release;
		};
		39C4DC172F3DA80F00287629 /* Build configuration list for PBXNativeTarget "UDIETests" */ = {
			isa = XCConfigurationList;
			buildConfigurations = (
				39C4DC182F3DA80F00287629 /* Debug */,
				39C4DC192F3DA80F00287629 /* Release */,
			);
			defaultConfigurationIsVisible = 0;
			defaultConfigurationName = Release;
		};
		39C4DC1A2F3DA80F00287629 /* Build configuration list for PBXNativeTarget "UDIEUITests" */ = {
			isa = XCConfigurationList;
			buildConfigurations = (
				39C4DC1B2F3DA80F00287629 /* Debug */,
				39C4DC1C2F3DA80F00287629 /* Release */,
			);
			defaultConfigurationIsVisible = 0;
			defaultConfigurationName = Release;
		};
/* End XCConfigurationList section */
	};
	rootObject = 39C4DBE92F3DA80E00287629 /* Project object */;
}
